
Microsoft Visual Studio Solution File, Format Version 12.00
# Visual Studio Version 17
VisualStudioVersion = 17.3.32819.101
MinimumVisualStudioVersion = 10.0.40219.1
Project("{9A19103F-16F7-4668-BE54-9A1E7A4F7556}") = "TestASP", "TestASP\TestASP.csproj", "{C479B1B1-6EE0-439A-BD7B-1391120179F2}"
EndProject
Global
	GlobalSection(SolutionConfigurationPlatforms) = preSolution
		Debug|Any CPU = Debug|Any CPU
		Release|Any CPU = Release|Any CPU
	EndGlobalSection
	GlobalSection(ProjectConfigurationPlatforms) = postSolution
		{C479B1B1-6EE0-439A-BD7B-1391120179F2}.Debug|Any CPU.ActiveCfg = Debug|Any CPU
		{C479B1B1-6EE0-439A-BD7B-1391120179F2}.Debug|Any CPU.Build.0 = Debug|Any CPU
		{C479B1B1-6EE0-439A-BD7B-1391120179F2}.Release|Any CPU.ActiveCfg = Release|Any CPU
		{C479B1B1-6EE0-439A-BD7B-1391120179F2}.Release|Any CPU.Build.0 = Release|Any CPU
	EndGlobalSection
	GlobalSection(SolutionProperties) = preSolution
		HideSolutionNode = FALSE
	EndGlobalSection
	GlobalSection(ExtensibilityGlobals) = postSolution
		SolutionGuid = {AACF36FC-0A29-46FD-9003-88634EBF720B}
	EndGlobalSection
EndGlobal
